
Microsoft Visual Studio Solution File, Format Version 12.00
# Visual Studio Version 17
VisualStudioVersion = 17.4.33205.214
MinimumVisualStudioVersion = 10.0.40219.1
Project("{FAE04EC0-301F-11D3-BF4B-00C04F79EFBC}") = "FragranceHub.Web", "FragranceHub.Web\FragranceHub.Web.csproj", "{C4DE092F-1228-4BF1-AF96-3D7BA1374C07}"
EndProject
Project("{FAE04EC0-301F-11D3-BF4B-00C04F79EFBC}") = "FragranceHub.Common", "FragranceHub.Common\FragranceHub.Common.csproj", "{6434294F-4ED4-4C42-94A4-10489D4B357C}"
EndProject
Global
	GlobalSection(SolutionConfigurationPlatforms) = preSolution
		Debug|Any CPU = Debug|Any CPU
		Release|Any CPU = Release|Any CPU
	EndGlobalSection
	GlobalSection(ProjectConfigurationPlatforms) = postSolution
		{C4DE092F-1228-4BF1-AF96-3D7BA1374C07}.Debug|Any CPU.ActiveCfg = Debug|Any CPU
		{C4DE092F-1228-4BF1-AF96-3D7BA1374C07}.Debug|Any CPU.Build.0 = Debug|Any CPU
		{C4DE092F-1228-4BF1-AF96-3D7BA1374C07}.Release|Any CPU.ActiveCfg = Release|Any CPU
		{C4DE092F-1228-4BF1-AF96-3D7BA1374C07}.Release|Any CPU.Build.0 = Release|Any CPU
		{6434294F-4ED4-4C42-94A4-10489D4B357C}.Debug|Any CPU.ActiveCfg = Debug|Any CPU
		{6434294F-4ED4-4C42-94A4-10489D4B357C}.Debug|Any CPU.Build.0 = Debug|Any CPU
		{6434294F-4ED4-4C42-94A4-10489D4B357C}.Release|Any CPU.ActiveCfg = Release|Any CPU
		{6434294F-4ED4-4C42-94A4-10489D4B357C}.Release|Any CPU.Build.0 = Release|Any CPU
	EndGlobalSection
	GlobalSection(SolutionProperties) = preSolution
		HideSolutionNode = FALSE
	EndGlobalSection
	GlobalSection(ExtensibilityGlobals) = postSolution
		SolutionGuid = {2AD140DA-08DC-4120-AFED-EF4DDA90FDF3}
	EndGlobalSection
EndGlobal
