
Microsoft Visual Studio Solution File, Format Version 12.00
# Visual Studio Version 17
VisualStudioVersion = 17.4.33205.214
MinimumVisualStudioVersion = 10.0.40219.1
Project("{9A19103F-16F7-4668-BE54-9A1E7A4F7556}") = "FragranceHub.Web", "FragranceHub.Web\FragranceHub.Web.csproj", "{C4DE092F-1228-4BF1-AF96-3D7BA1374C07}"
EndProject
Project("{9A19103F-16F7-4668-BE54-9A1E7A4F7556}") = "FragranceHub.Common", "FragranceHub.Common\FragranceHub.Common.csproj", "{6434294F-4ED4-4C42-94A4-10489D4B357C}"
EndProject
Project("{2150E333-8FDC-42A3-9474-1A3956D46DE8}") = "Web", "Web", "{1B8CFF84-799E-43C6-92C0-0EE0C0A61060}"
EndProject
Project("{2150E333-8FDC-42A3-9474-1A3956D46DE8}") = "Data", "Data", "{5807D87C-2035-4697-AF5A-20B718F9B068}"
EndProject
Project("{9A19103F-16F7-4668-BE54-9A1E7A4F7556}") = "FragranceHub.Data", "FragranceHub.Data\FragranceHub.Data.csproj", "{1B06FD53-41BE-4659-A713-E06FC37D17FD}"
EndProject
Project("{9A19103F-16F7-4668-BE54-9A1E7A4F7556}") = "FragranceHub.Data.Models", "FragranceHub.Data.Models\FragranceHub.Data.Models.csproj", "{8544EF5B-5086-4514-BD91-A5B409636A7B}"
EndProject
Project("{9A19103F-16F7-4668-BE54-9A1E7A4F7556}") = "FragranceHub.Web.ViewModels", "FragranceHub.Web.ViewModels\FragranceHub.Web.ViewModels.csproj", "{FFFA8833-042A-480D-96A2-ECD55B342BD4}"
EndProject
Project("{2150E333-8FDC-42A3-9474-1A3956D46DE8}") = "Services", "Services", "{4940C3DF-56DF-42A7-975D-58FCCD94276F}"
EndProject
Project("{9A19103F-16F7-4668-BE54-9A1E7A4F7556}") = "FragranceHub.Services.Data", "FragranceHub.Services.Data\FragranceHub.Services.Data.csproj", "{4F39D40B-DCF9-4684-B4D0-8902DDF49EB9}"
EndProject
Project("{9A19103F-16F7-4668-BE54-9A1E7A4F7556}") = "FragranceHub.Web.Infrastructure", "FragranceHub.Web.Infrastructure\FragranceHub.Web.Infrastructure.csproj", "{594C793A-4653-4F92-B4F4-2A11C671C141}"
EndProject
Project("{FAE04EC0-301F-11D3-BF4B-00C04F79EFBC}") = "FragranceHub.Services.Data.Models", "FragranceHub.Services.Data.Models\FragranceHub.Services.Data.Models.csproj", "{381C2A38-1015-4C25-8651-A947DC147060}"
EndProject
Global
	GlobalSection(SolutionConfigurationPlatforms) = preSolution
		Debug|Any CPU = Debug|Any CPU
		Release|Any CPU = Release|Any CPU
	EndGlobalSection
	GlobalSection(ProjectConfigurationPlatforms) = postSolution
		{C4DE092F-1228-4BF1-AF96-3D7BA1374C07}.Debug|Any CPU.ActiveCfg = Debug|Any CPU
		{C4DE092F-1228-4BF1-AF96-3D7BA1374C07}.Debug|Any CPU.Build.0 = Debug|Any CPU
		{C4DE092F-1228-4BF1-AF96-3D7BA1374C07}.Release|Any CPU.ActiveCfg = Release|Any CPU
		{C4DE092F-1228-4BF1-AF96-3D7BA1374C07}.Release|Any CPU.Build.0 = Release|Any CPU
		{6434294F-4ED4-4C42-94A4-10489D4B357C}.Debug|Any CPU.ActiveCfg = Debug|Any CPU
		{6434294F-4ED4-4C42-94A4-10489D4B357C}.Debug|Any CPU.Build.0 = Debug|Any CPU
		{6434294F-4ED4-4C42-94A4-10489D4B357C}.Release|Any CPU.ActiveCfg = Release|Any CPU
		{6434294F-4ED4-4C42-94A4-10489D4B357C}.Release|Any CPU.Build.0 = Release|Any CPU
		{1B06FD53-41BE-4659-A713-E06FC37D17FD}.Debug|Any CPU.ActiveCfg = Debug|Any CPU
		{1B06FD53-41BE-4659-A713-E06FC37D17FD}.Debug|Any CPU.Build.0 = Debug|Any CPU
		{1B06FD53-41BE-4659-A713-E06FC37D17FD}.Release|Any CPU.ActiveCfg = Release|Any CPU
		{1B06FD53-41BE-4659-A713-E06FC37D17FD}.Release|Any CPU.Build.0 = Release|Any CPU
		{8544EF5B-5086-4514-BD91-A5B409636A7B}.Debug|Any CPU.ActiveCfg = Debug|Any CPU
		{8544EF5B-5086-4514-BD91-A5B409636A7B}.Debug|Any CPU.Build.0 = Debug|Any CPU
		{8544EF5B-5086-4514-BD91-A5B409636A7B}.Release|Any CPU.ActiveCfg = Release|Any CPU
		{8544EF5B-5086-4514-BD91-A5B409636A7B}.Release|Any CPU.Build.0 = Release|Any CPU
		{FFFA8833-042A-480D-96A2-ECD55B342BD4}.Debug|Any CPU.ActiveCfg = Debug|Any CPU
		{FFFA8833-042A-480D-96A2-ECD55B342BD4}.Debug|Any CPU.Build.0 = Debug|Any CPU
		{FFFA8833-042A-480D-96A2-ECD55B342BD4}.Release|Any CPU.ActiveCfg = Release|Any CPU
		{FFFA8833-042A-480D-96A2-ECD55B342BD4}.Release|Any CPU.Build.0 = Release|Any CPU
		{4F39D40B-DCF9-4684-B4D0-8902DDF49EB9}.Debug|Any CPU.ActiveCfg = Debug|Any CPU
		{4F39D40B-DCF9-4684-B4D0-8902DDF49EB9}.Debug|Any CPU.Build.0 = Debug|Any CPU
		{4F39D40B-DCF9-4684-B4D0-8902DDF49EB9}.Release|Any CPU.ActiveCfg = Release|Any CPU
		{4F39D40B-DCF9-4684-B4D0-8902DDF49EB9}.Release|Any CPU.Build.0 = Release|Any CPU
		{594C793A-4653-4F92-B4F4-2A11C671C141}.Debug|Any CPU.ActiveCfg = Debug|Any CPU
		{594C793A-4653-4F92-B4F4-2A11C671C141}.Debug|Any CPU.Build.0 = Debug|Any CPU
		{594C793A-4653-4F92-B4F4-2A11C671C141}.Release|Any CPU.ActiveCfg = Release|Any CPU
		{594C793A-4653-4F92-B4F4-2A11C671C141}.Release|Any CPU.Build.0 = Release|Any CPU
		{381C2A38-1015-4C25-8651-A947DC147060}.Debug|Any CPU.ActiveCfg = Debug|Any CPU
		{381C2A38-1015-4C25-8651-A947DC147060}.Debug|Any CPU.Build.0 = Debug|Any CPU
		{381C2A38-1015-4C25-8651-A947DC147060}.Release|Any CPU.ActiveCfg = Release|Any CPU
		{381C2A38-1015-4C25-8651-A947DC147060}.Release|Any CPU.Build.0 = Release|Any CPU
	EndGlobalSection
	GlobalSection(SolutionProperties) = preSolution
		HideSolutionNode = FALSE
	EndGlobalSection
	GlobalSection(NestedProjects) = preSolution
		{C4DE092F-1228-4BF1-AF96-3D7BA1374C07} = {1B8CFF84-799E-43C6-92C0-0EE0C0A61060}
		{1B06FD53-41BE-4659-A713-E06FC37D17FD} = {5807D87C-2035-4697-AF5A-20B718F9B068}
		{8544EF5B-5086-4514-BD91-A5B409636A7B} = {5807D87C-2035-4697-AF5A-20B718F9B068}
		{FFFA8833-042A-480D-96A2-ECD55B342BD4} = {1B8CFF84-799E-43C6-92C0-0EE0C0A61060}
		{4940C3DF-56DF-42A7-975D-58FCCD94276F} = {1B8CFF84-799E-43C6-92C0-0EE0C0A61060}
		{4F39D40B-DCF9-4684-B4D0-8902DDF49EB9} = {4940C3DF-56DF-42A7-975D-58FCCD94276F}
		{594C793A-4653-4F92-B4F4-2A11C671C141} = {1B8CFF84-799E-43C6-92C0-0EE0C0A61060}
		{381C2A38-1015-4C25-8651-A947DC147060} = {4940C3DF-56DF-42A7-975D-58FCCD94276F}
	EndGlobalSection
	GlobalSection(ExtensibilityGlobals) = postSolution
		SolutionGuid = {2AD140DA-08DC-4120-AFED-EF4DDA90FDF3}
	EndGlobalSection
EndGlobal
